// !$*UTF8*$!
{
	archiveVersion = 1;
	classes = {
	};
	objectVersion = 46;
	objects = {

/* Begin PBXBuildFile section */
		8B2A29D01CEA27FD00FAE67F /* MissionControl.framework in Frameworks */ = {isa = PBXBuildFile; fileRef = 8B2A29CC1CEA27DF00FAE67F /* MissionControl.framework */; };
		8B2A29D11CEA27FD00FAE67F /* MissionControl.framework in Embed Frameworks */ = {isa = PBXBuildFile; fileRef = 8B2A29CC1CEA27DF00FAE67F /* MissionControl.framework */; settings = {ATTRIBUTES = (CodeSignOnCopy, RemoveHeadersOnCopy, ); }; };
		8B464DD01CE3742F00BAE834 /* AppDelegate.swift in Sources */ = {isa = PBXBuildFile; fileRef = 8B464DCF1CE3742F00BAE834 /* AppDelegate.swift */; };
		8B464DD51CE3742F00BAE834 /* Main.storyboard in Resources */ = {isa = PBXBuildFile; fileRef = 8B464DD31CE3742F00BAE834 /* Main.storyboard */; };
		8B464DD71CE3742F00BAE834 /* Assets.xcassets in Resources */ = {isa = PBXBuildFile; fileRef = 8B464DD61CE3742F00BAE834 /* Assets.xcassets */; };
		8B464DDA1CE3742F00BAE834 /* LaunchScreen.storyboard in Resources */ = {isa = PBXBuildFile; fileRef = 8B464DD81CE3742F00BAE834 /* LaunchScreen.storyboard */; };
		8B9B81D91CEDB04700E78198 /* LaunchView.swift in Sources */ = {isa = PBXBuildFile; fileRef = 8B9B81D81CEDB04700E78198 /* LaunchView.swift */; };
		8B9B81DD1CEDB4B800E78198 /* LaunchViewController.swift in Sources */ = {isa = PBXBuildFile; fileRef = 8B9B81DC1CEDB4B800E78198 /* LaunchViewController.swift */; };
		8B9B81DF1CEDC58200E78198 /* NAS966.TTF in Resources */ = {isa = PBXBuildFile; fileRef = 8B9B81DE1CEDC58200E78198 /* NAS966.TTF */; };
/* End PBXBuildFile section */

/* Begin PBXContainerItemProxy section */
		8B2A29CB1CEA27DF00FAE67F /* PBXContainerItemProxy */ = {
			isa = PBXContainerItemProxy;
			containerPortal = 8B2A29C61CEA27DF00FAE67F /* MissionControl.xcodeproj */;
			proxyType = 2;
			remoteGlobalIDString = 8B63137B1CE5F9A10029DC98;
			remoteInfo = "MissionControl iOS";
		};
		8B2A29CD1CEA27DF00FAE67F /* PBXContainerItemProxy */ = {
			isa = PBXContainerItemProxy;
			containerPortal = 8B2A29C61CEA27DF00FAE67F /* MissionControl.xcodeproj */;
			proxyType = 2;
			remoteGlobalIDString = 8B6313851CE5F9A10029DC98;
			remoteInfo = "MissionControl iOS Tests";
		};
		8B2A29D21CEA27FD00FAE67F /* PBXContainerItemProxy */ = {
			isa = PBXContainerItemProxy;
			containerPortal = 8B2A29C61CEA27DF00FAE67F /* MissionControl.xcodeproj */;
			proxyType = 1;
			remoteGlobalIDString = 8B63137A1CE5F9A10029DC98;
			remoteInfo = "MissionControl iOS";
		};
/* End PBXContainerItemProxy section */

/* Begin PBXCopyFilesBuildPhase section */
		8B6313A91CE5FC2D0029DC98 /* Embed Frameworks */ = {
			isa = PBXCopyFilesBuildPhase;
			buildActionMask = 2147483647;
			dstPath = "";
			dstSubfolderSpec = 10;
			files = (
				8B2A29D11CEA27FD00FAE67F /* MissionControl.framework in Embed Frameworks */,
			);
			name = "Embed Frameworks";
			runOnlyForDeploymentPostprocessing = 0;
		};
/* End PBXCopyFilesBuildPhase section */

/* Begin PBXFileReference section */
		8B2A29C61CEA27DF00FAE67F /* MissionControl.xcodeproj */ = {isa = PBXFileReference; lastKnownFileType = "wrapper.pb-project"; name = MissionControl.xcodeproj; path = ../MissionControl.xcodeproj; sourceTree = "<group>"; };
		8B464DCC1CE3742F00BAE834 /* MissionControlDemo.app */ = {isa = PBXFileReference; explicitFileType = wrapper.application; includeInIndex = 0; path = MissionControlDemo.app; sourceTree = BUILT_PRODUCTS_DIR; };
		8B464DCF1CE3742F00BAE834 /* AppDelegate.swift */ = {isa = PBXFileReference; lastKnownFileType = sourcecode.swift; path = AppDelegate.swift; sourceTree = "<group>"; };
		8B464DD41CE3742F00BAE834 /* Base */ = {isa = PBXFileReference; lastKnownFileType = file.storyboard; name = Base; path = Base.lproj/Main.storyboard; sourceTree = "<group>"; };
		8B464DD61CE3742F00BAE834 /* Assets.xcassets */ = {isa = PBXFileReference; lastKnownFileType = folder.assetcatalog; path = Assets.xcassets; sourceTree = "<group>"; };
		8B464DD91CE3742F00BAE834 /* Base */ = {isa = PBXFileReference; lastKnownFileType = file.storyboard; name = Base; path = Base.lproj/LaunchScreen.storyboard; sourceTree = "<group>"; };
		8B464DDB1CE3742F00BAE834 /* Info.plist */ = {isa = PBXFileReference; lastKnownFileType = text.plist.xml; path = Info.plist; sourceTree = "<group>"; };
		8B9B81D81CEDB04700E78198 /* LaunchView.swift */ = {isa = PBXFileReference; fileEncoding = 4; lastKnownFileType = sourcecode.swift; path = LaunchView.swift; sourceTree = "<group>"; };
		8B9B81DC1CEDB4B800E78198 /* LaunchViewController.swift */ = {isa = PBXFileReference; fileEncoding = 4; lastKnownFileType = sourcecode.swift; path = LaunchViewController.swift; sourceTree = "<group>"; };
		8B9B81DE1CEDC58200E78198 /* NAS966.TTF */ = {isa = PBXFileReference; lastKnownFileType = file; path = NAS966.TTF; sourceTree = "<group>"; };
/* End PBXFileReference section */

/* Begin PBXFrameworksBuildPhase section */
		8B464DC91CE3742F00BAE834 /* Frameworks */ = {
			isa = PBXFrameworksBuildPhase;
			buildActionMask = 2147483647;
			files = (
				8B2A29D01CEA27FD00FAE67F /* MissionControl.framework in Frameworks */,
			);
			runOnlyForDeploymentPostprocessing = 0;
		};
/* End PBXFrameworksBuildPhase section */

/* Begin PBXGroup section */
		8B2A29C71CEA27DF00FAE67F /* Products */ = {
			isa = PBXGroup;
			children = (
				8B2A29CC1CEA27DF00FAE67F /* MissionControl.framework */,
				8B2A29CE1CEA27DF00FAE67F /* MissionControlTests.xctest */,
			);
			name = Products;
			sourceTree = "<group>";
		};
		8B464DC31CE3742F00BAE834 = {
			isa = PBXGroup;
			children = (
				8B464DCE1CE3742F00BAE834 /* MissionControlDemo */,
				8B464DCD1CE3742F00BAE834 /* Products */,
				8B2A29C61CEA27DF00FAE67F /* MissionControl.xcodeproj */,
			);
			sourceTree = "<group>";
		};
		8B464DCD1CE3742F00BAE834 /* Products */ = {
			isa = PBXGroup;
			children = (
				8B464DCC1CE3742F00BAE834 /* MissionControlDemo.app */,
			);
			name = Products;
			sourceTree = "<group>";
		};
		8B464DCE1CE3742F00BAE834 /* MissionControlDemo */ = {
			isa = PBXGroup;
			children = (
				8B464DCF1CE3742F00BAE834 /* AppDelegate.swift */,
				8B9B81D81CEDB04700E78198 /* LaunchView.swift */,
				8B9B81DC1CEDB4B800E78198 /* LaunchViewController.swift */,
				8B63139A1CE5FB290029DC98 /* Supporting Files */,
			);
			path = MissionControlDemo;
			sourceTree = "<group>";
		};
		8B63139A1CE5FB290029DC98 /* Supporting Files */ = {
			isa = PBXGroup;
			children = (
				8B464DD81CE3742F00BAE834 /* LaunchScreen.storyboard */,
				8B464DD31CE3742F00BAE834 /* Main.storyboard */,
				8B9B81DB1CEDB49B00E78198 /* Resources */,
			);
			name = "Supporting Files";
			sourceTree = "<group>";
		};
		8B9B81DB1CEDB49B00E78198 /* Resources */ = {
			isa = PBXGroup;
			children = (
				8B464DD61CE3742F00BAE834 /* Assets.xcassets */,
				8B9B81DE1CEDC58200E78198 /* NAS966.TTF */,
				8B464DDB1CE3742F00BAE834 /* Info.plist */,
			);
			name = Resources;
			sourceTree = "<group>";
		};
/* End PBXGroup section */

/* Begin PBXNativeTarget section */
		8B464DCB1CE3742F00BAE834 /* MissionControlDemo */ = {
			isa = PBXNativeTarget;
			buildConfigurationList = 8B464DDE1CE3742F00BAE834 /* Build configuration list for PBXNativeTarget "MissionControlDemo" */;
			buildPhases = (
				8B464DC81CE3742F00BAE834 /* Sources */,
				8B464DC91CE3742F00BAE834 /* Frameworks */,
				8B464DCA1CE3742F00BAE834 /* Resources */,
				8B6313A91CE5FC2D0029DC98 /* Embed Frameworks */,
			);
			buildRules = (
			);
			dependencies = (
				8B2A29D31CEA27FD00FAE67F /* PBXTargetDependency */,
			);
			name = MissionControlDemo;
			productName = ACCloudConfig;
			productReference = 8B464DCC1CE3742F00BAE834 /* MissionControlDemo.app */;
			productType = "com.apple.product-type.application";
		};
/* End PBXNativeTarget section */

/* Begin PBXProject section */
		8B464DC41CE3742F00BAE834 /* Project object */ = {
			isa = PBXProject;
			attributes = {
				LastSwiftUpdateCheck = 0730;
				LastUpgradeCheck = 0730;
				ORGANIZATIONNAME = appculture;
				TargetAttributes = {
					8B464DCB1CE3742F00BAE834 = {
						CreatedOnToolsVersion = 7.3.1;
					};
				};
			};
			buildConfigurationList = 8B464DC71CE3742F00BAE834 /* Build configuration list for PBXProject "MissionControlDemo" */;
			compatibilityVersion = "Xcode 3.2";
			developmentRegion = English;
			hasScannedForEncodings = 0;
			knownRegions = (
				en,
				Base,
			);
			mainGroup = 8B464DC31CE3742F00BAE834;
			productRefGroup = 8B464DCD1CE3742F00BAE834 /* Products */;
			projectDirPath = "";
			projectReferences = (
				{
					ProductGroup = 8B2A29C71CEA27DF00FAE67F /* Products */;
					ProjectRef = 8B2A29C61CEA27DF00FAE67F /* MissionControl.xcodeproj */;
				},
			);
			projectRoot = "";
			targets = (
				8B464DCB1CE3742F00BAE834 /* MissionControlDemo */,
			);
		};
/* End PBXProject section */

/* Begin PBXReferenceProxy section */
		8B2A29CC1CEA27DF00FAE67F /* MissionControl.framework */ = {
			isa = PBXReferenceProxy;
			fileType = wrapper.framework;
			path = MissionControl.framework;
			remoteRef = 8B2A29CB1CEA27DF00FAE67F /* PBXContainerItemProxy */;
			sourceTree = BUILT_PRODUCTS_DIR;
		};
		8B2A29CE1CEA27DF00FAE67F /* MissionControlTests.xctest */ = {
			isa = PBXReferenceProxy;
			fileType = wrapper.cfbundle;
			path = MissionControlTests.xctest;
			remoteRef = 8B2A29CD1CEA27DF00FAE67F /* PBXContainerItemProxy */;
			sourceTree = BUILT_PRODUCTS_DIR;
		};
/* End PBXReferenceProxy section */

/* Begin PBXResourcesBuildPhase section */
		8B464DCA1CE3742F00BAE834 /* Resources */ = {
			isa = PBXResourcesBuildPhase;
			buildActionMask = 2147483647;
			files = (
				8B464DDA1CE3742F00BAE834 /* LaunchScreen.storyboard in Resources */,
				8B9B81DF1CEDC58200E78198 /* NAS966.TTF in Resources */,
				8B464DD71CE3742F00BAE834 /* Assets.xcassets in Resources */,
				8B464DD51CE3742F00BAE834 /* Main.storyboard in Resources */,
			);
			runOnlyForDeploymentPostprocessing = 0;
		};
/* End PBXResourcesBuildPhase section */

/* Begin PBXSourcesBuildPhase section */
		8B464DC81CE3742F00BAE834 /* Sources */ = {
			isa = PBXSourcesBuildPhase;
			buildActionMask = 2147483647;
			files = (
				8B9B81D91CEDB04700E78198 /* LaunchView.swift in Sources */,
				8B464DD01CE3742F00BAE834 /* AppDelegate.swift in Sources */,
				8B9B81DD1CEDB4B800E78198 /* LaunchViewController.swift in Sources */,
			);
			runOnlyForDeploymentPostprocessing = 0;
		};
/* End PBXSourcesBuildPhase section */

/* Begin PBXTargetDependency section */
		8B2A29D31CEA27FD00FAE67F /* PBXTargetDependency */ = {
			isa = PBXTargetDependency;
			name = "MissionControl iOS";
			targetProxy = 8B2A29D21CEA27FD00FAE67F /* PBXContainerItemProxy */;
		};
/* End PBXTargetDependency section */

/* Begin PBXVariantGroup section */
		8B464DD31CE3742F00BAE834 /* Main.storyboard */ = {
			isa = PBXVariantGroup;
			children = (
				8B464DD41CE3742F00BAE834 /* Base */,
			);
			name = Main.storyboard;
			sourceTree = "<group>";
		};
		8B464DD81CE3742F00BAE834 /* LaunchScreen.storyboard */ = {
			isa = PBXVariantGroup;
			children = (
				8B464DD91CE3742F00BAE834 /* Base */,
			);
			name = LaunchScreen.storyboard;
			sourceTree = "<group>";
		};
/* End PBXVariantGroup section */

/* Begin XCBuildConfiguration section */
		8B464DDC1CE3742F00BAE834 /* Debug */ = {
			isa = XCBuildConfiguration;
			buildSettings = {
				ALWAYS_SEARCH_USER_PATHS = NO;
				CLANG_ANALYZER_NONNULL = YES;
				CLANG_CXX_LANGUAGE_STANDARD = "gnu++0x";
				CLANG_CXX_LIBRARY = "libc++";
				CLANG_ENABLE_MODULES = YES;
				CLANG_ENABLE_OBJC_ARC = YES;
				CLANG_WARN_BOOL_CONVERSION = YES;
				CLANG_WARN_CONSTANT_CONVERSION = YES;
				CLANG_WARN_DIRECT_OBJC_ISA_USAGE = YES_ERROR;
				CLANG_WARN_EMPTY_BODY = YES;
				CLANG_WARN_ENUM_CONVERSION = YES;
				CLANG_WARN_INT_CONVERSION = YES;
				CLANG_WARN_OBJC_ROOT_CLASS = YES_ERROR;
				CLANG_WARN_UNREACHABLE_CODE = YES;
				CLANG_WARN__DUPLICATE_METHOD_MATCH = YES;
				"CODE_SIGN_IDENTITY[sdk=iphoneos*]" = "iPhone Developer";
				COPY_PHASE_STRIP = NO;
				DEBUG_INFORMATION_FORMAT = dwarf;
				ENABLE_STRICT_OBJC_MSGSEND = YES;
				ENABLE_TESTABILITY = YES;
				GCC_C_LANGUAGE_STANDARD = gnu99;
				GCC_DYNAMIC_NO_PIC = NO;
				GCC_NO_COMMON_BLOCKS = YES;
				GCC_OPTIMIZATION_LEVEL = 0;
				GCC_PREPROCESSOR_DEFINITIONS = (
					"DEBUG=1",
					"$(inherited)",
				);
				GCC_WARN_64_TO_32_BIT_CONVERSION = YES;
				GCC_WARN_ABOUT_RETURN_TYPE = YES_ERROR;
				GCC_WARN_UNDECLARED_SELECTOR = YES;
				GCC_WARN_UNINITIALIZED_AUTOS = YES_AGGRESSIVE;
				GCC_WARN_UNUSED_FUNCTION = YES;
				GCC_WARN_UNUSED_VARIABLE = YES;
				IPHONEOS_DEPLOYMENT_TARGET = 9.0;
				MTL_ENABLE_DEBUG_INFO = YES;
				ONLY_ACTIVE_ARCH = YES;
				SDKROOT = iphoneos;
				SWIFT_OPTIMIZATION_LEVEL = "-Onone";
				TARGETED_DEVICE_FAMILY = "1,2";
			};
			name = Debug;
		};
		8B464DDD1CE3742F00BAE834 /* Release */ = {
			isa = XCBuildConfiguration;
			buildSettings = {
				ALWAYS_SEARCH_USER_PATHS = NO;
				CLANG_ANALYZER_NONNULL = YES;
				CLANG_CXX_LANGUAGE_STANDARD = "gnu++0x";
				CLANG_CXX_LIBRARY = "libc++";
				CLANG_ENABLE_MODULES = YES;
				CLANG_ENABLE_OBJC_ARC = YES;
				CLANG_WARN_BOOL_CONVERSION = YES;
				CLANG_WARN_CONSTANT_CONVERSION = YES;
				CLANG_WARN_DIRECT_OBJC_ISA_USAGE = YES_ERROR;
				CLANG_WARN_EMPTY_BODY = YES;
				CLANG_WARN_ENUM_CONVERSION = YES;
				CLANG_WARN_INT_CONVERSION = YES;
				CLANG_WARN_OBJC_ROOT_CLASS = YES_ERROR;
				CLANG_WARN_UNREACHABLE_CODE = YES;
				CLANG_WARN__DUPLICATE_METHOD_MATCH = YES;
				"CODE_SIGN_IDENTITY[sdk=iphoneos*]" = "iPhone Developer";
				COPY_PHASE_STRIP = NO;
				DEBUG_INFORMATION_FORMAT = "dwarf-with-dsym";
				ENABLE_NS_ASSERTIONS = NO;
				ENABLE_STRICT_OBJC_MSGSEND = YES;
				GCC_C_LANGUAGE_STANDARD = gnu99;
				GCC_NO_COMMON_BLOCKS = YES;
				GCC_WARN_64_TO_32_BIT_CONVERSION = YES;
				GCC_WARN_ABOUT_RETURN_TYPE = YES_ERROR;
				GCC_WARN_UNDECLARED_SELECTOR = YES;
				GCC_WARN_UNINITIALIZED_AUTOS = YES_AGGRESSIVE;
				GCC_WARN_UNUSED_FUNCTION = YES;
				GCC_WARN_UNUSED_VARIABLE = YES;
				IPHONEOS_DEPLOYMENT_TARGET = 9.0;
				MTL_ENABLE_DEBUG_INFO = NO;
				SDKROOT = iphoneos;
				TARGETED_DEVICE_FAMILY = "1,2";
				VALIDATE_PRODUCT = YES;
			};
			name = Release;
		};
		8B464DDF1CE3742F00BAE834 /* Debug */ = {
			isa = XCBuildConfiguration;
			buildSettings = {
				ASSETCATALOG_COMPILER_APPICON_NAME = AppIcon;
				EMBEDDED_CONTENT_CONTAINS_SWIFT = YES;
				INFOPLIST_FILE = MissionControlDemo/Info.plist;
				LD_RUNPATH_SEARCH_PATHS = "$(inherited) @executable_path/Frameworks";
				PRODUCT_BUNDLE_IDENTIFIER = com.appculture.MissionControlDemo;
				PRODUCT_NAME = MissionControlDemo;
			};
			name = Debug;
		};
		8B464DE01CE3742F00BAE834 /* Release */ = {
			isa = XCBuildConfiguration;
			buildSettings = {
				ASSETCATALOG_COMPILER_APPICON_NAME = AppIcon;
				EMBEDDED_CONTENT_CONTAINS_SWIFT = YES;
				INFOPLIST_FILE = MissionControlDemo/Info.plist;
				LD_RUNPATH_SEARCH_PATHS = "$(inherited) @executable_path/Frameworks";
				PRODUCT_BUNDLE_IDENTIFIER = com.appculture.MissionControlDemo;
				PRODUCT_NAME = MissionControlDemo;
			};
			name = Release;
		};
/* End XCBuildConfiguration section */

/* Begin XCConfigurationList section */
		8B464DC71CE3742F00BAE834 /* Build configuration list for PBXProject "MissionControlDemo" */ = {
			isa = XCConfigurationList;
			buildConfigurations = (
				8B464DDC1CE3742F00BAE834 /* Debug */,
				8B464DDD1CE3742F00BAE834 /* Release */,
			);
			defaultConfigurationIsVisible = 0;
			defaultConfigurationName = Release;
		};
		8B464DDE1CE3742F00BAE834 /* Build configuration list for PBXNativeTarget "MissionControlDemo" */ = {
			isa = XCConfigurationList;
			buildConfigurations = (
				8B464DDF1CE3742F00BAE834 /* Debug */,
				8B464DE01CE3742F00BAE834 /* Release */,
			);
			defaultConfigurationIsVisible = 0;
			defaultConfigurationName = Release;
		};
/* End XCConfigurationList section */
	};
	rootObject = 8B464DC41CE3742F00BAE834 /* Project object */;
}
